
Microsoft Visual Studio Solution File, Format Version 12.00
# Visual Studio Version 17
VisualStudioVersion = 17.4.33122.133
MinimumVisualStudioVersion = 10.0.40219.1
Project("{FAE04EC0-301F-11D3-BF4B-00C04F79EFBC}") = "BancoABCHeranca", "BancoABCHeranca\BancoABCHeranca.csproj", "{259987C7-3599-424A-A8DF-660D531CCACA}"
EndProject
Global
	GlobalSection(SolutionConfigurationPlatforms) = preSolution
		Debug|Any CPU = Debug|Any CPU
		Release|Any CPU = Release|Any CPU
	EndGlobalSection
	GlobalSection(ProjectConfigurationPlatforms) = postSolution
		{259987C7-3599-424A-A8DF-660D531CCACA}.Debug|Any CPU.ActiveCfg = Debug|Any CPU
		{259987C7-3599-424A-A8DF-660D531CCACA}.Debug|Any CPU.Build.0 = Debug|Any CPU
		{259987C7-3599-424A-A8DF-660D531CCACA}.Release|Any CPU.ActiveCfg = Release|Any CPU
		{259987C7-3599-424A-A8DF-660D531CCACA}.Release|Any CPU.Build.0 = Release|Any CPU
	EndGlobalSection
	GlobalSection(SolutionProperties) = preSolution
		HideSolutionNode = FALSE
	EndGlobalSection
	GlobalSection(ExtensibilityGlobals) = postSolution
		SolutionGuid = {BE4BFA85-559F-4613-A7E6-53E11BCBDC50}
	EndGlobalSection
EndGlobal
